{
  "version": 4,
  "terraform_version": "1.10.0",
  "serial": 3,
  "lineage": "9208700e-93ad-b3ef-7d38-0ba2446fc5fe",
  "outputs": {
    "rand-str": {
      "value": [
        "_@smX6u5vjC/MPa4"
      ],
      "type": [
        "tuple",
        [
          "string"
        ]
      ]
    }
  },
  "resources": [
    {
      "mode": "managed",
      "type": "local_file",
      "name": "devops",
      "provider": "provider[\"registry.terraform.io/hashicorp/local\"]",
      "instances": [
        {
          "schema_version": 0,
          "attributes": {
            "content": "I want to become a Devops Engineer who knows Terraform",
            "content_base64": null,
            "content_base64sha256": "KVBYXjOj6bomEA54kAwFxL1fzEK9xndcrQZ72ILjWaQ=",
            "content_base64sha512": "dFLoo8ug4dOmZgfF4MRTOXI2WKOAz5V5wAnpmiXR3oHMUQodF7Ci21fzu2R8lq1mdeITIipj90y1EcAZE+MItA==",
            "content_md5": "8099e5557f11383cec86584d84c08477",
            "content_sha1": "193fc9cb7cfbb5aef07b3b4dc1ba046a0a25de70",
            "content_sha256": "2950585e33a3e9ba26100e78900c05c4bd5fcc42bdc6775cad067bd882e359a4",
            "content_sha512": "7452e8a3cba0e1d3a66607c5e0c45339723658a380cf9579c009e99a25d1de81cc510a1d17b0a2db57f3bb647c96ad6675e213222a63f74cb511c01913e308b4",
            "directory_permission": "0777",
            "file_permission": "0777",
            "filename": "/mnt/e/Terrafrom/terrafrom-local/devops_automatic.txt",
            "id": "193fc9cb7cfbb5aef07b3b4dc1ba046a0a25de70",
            "sensitive_content": null,
            "source": null
          },
          "sensitive_attributes": [
            [
              {
                "type": "get_attr",
                "value": "sensitive_content"
              }
            ]
          ]
        }
      ]
    },
    {
      "mode": "managed",
      "type": "random_string",
      "name": "rand-str",
      "provider": "provider[\"registry.terraform.io/hashicorp/random\"]",
      "instances": [
        {
          "schema_version": 2,
          "attributes": {
            "id": "_@smX6u5vjC/MPa4",
            "keepers": null,
            "length": 16,
            "lower": true,
            "min_lower": 0,
            "min_numeric": 0,
            "min_special": 0,
            "min_upper": 0,
            "number": true,
            "numeric": true,
            "override_special": "!@#$%^\u0026*()_-+=?/;:''{}[]|\u003c\u003e?",
            "result": "_@smX6u5vjC/MPa4",
            "special": true,
            "upper": true
          },
          "sensitive_attributes": []
        }
      ]
    }
  ],
  "check_results": null
}
